
Microsoft Visual Studio Solution File, Format Version 12.00
# Visual Studio Version 17
VisualStudioVersion = 17.1.32407.343
MinimumVisualStudioVersion = 10.0.40219.1
Project("{FAE04EC0-301F-11D3-BF4B-00C04F79EFBC}") = "RodriguezAirlinesFinal", "RodriguezAirlinesFinal\RodriguezAirlinesFinal.csproj", "{D0D7FA35-B0B8-414C-93DC-E0CC40BD82B7}"
EndProject
Global
	GlobalSection(SolutionConfigurationPlatforms) = preSolution
		Debug|Any CPU = Debug|Any CPU
		Release|Any CPU = Release|Any CPU
	EndGlobalSection
	GlobalSection(ProjectConfigurationPlatforms) = postSolution
		{D0D7FA35-B0B8-414C-93DC-E0CC40BD82B7}.Debug|Any CPU.ActiveCfg = Debug|Any CPU
		{D0D7FA35-B0B8-414C-93DC-E0CC40BD82B7}.Debug|Any CPU.Build.0 = Debug|Any CPU
		{D0D7FA35-B0B8-414C-93DC-E0CC40BD82B7}.Release|Any CPU.ActiveCfg = Release|Any CPU
		{D0D7FA35-B0B8-414C-93DC-E0CC40BD82B7}.Release|Any CPU.Build.0 = Release|Any CPU
	EndGlobalSection
	GlobalSection(SolutionProperties) = preSolution
		HideSolutionNode = FALSE
	EndGlobalSection
	GlobalSection(ExtensibilityGlobals) = postSolution
		SolutionGuid = {7F32565B-9977-4EA5-95C4-3EC57F2E3689}
	EndGlobalSection
EndGlobal
